
Microsoft Visual Studio Solution File, Format Version 12.00
# Visual Studio Version 17
VisualStudioVersion = 17.0.31903.59
MinimumVisualStudioVersion = 10.0.40219.1
Project("{2150E333-8FDC-42A3-9474-1A3956D46DE8}") = "GitHubCopilotDocsPlaywright", "GitHubCopilotDocsPlaywright", "{DC546AD7-78AA-EA7F-9128-60EBB0D14D9E}"
EndProject
Project("{FAE04EC0-301F-11D3-BF4B-00C04F79EFBC}") = "GitHubCopilotDocs.Tests", "GitHubCopilotDocsPlaywright\GitHubCopilotDocs.Tests.csproj", "{BD7554A2-AC41-4150-9D40-C4FCB2D55CC9}"
EndProject
Project("{2150E333-8FDC-42A3-9474-1A3956D46DE8}") = "GitHubCopilotDocsSelenium", "GitHubCopilotDocsSelenium", "{A1B2C3D4-E5F6-7890-ABCD-EF1234567890}"
EndProject
Project("{FAE04EC0-301F-11D3-BF4B-00C04F79EFBC}") = "GitHubCopilotDocs.Selenium.Tests", "GitHubCopilotDocsSelenium\GitHubCopilotDocs.Selenium.Tests.csproj", "{E6F7G8H9-I0J1-2345-KLMN-OP6789012345}"
EndProject
Global
	GlobalSection(SolutionConfigurationPlatforms) = preSolution
		Debug|Any CPU = Debug|Any CPU
		Debug|x64 = Debug|x64
		Debug|x86 = Debug|x86
		Release|Any CPU = Release|Any CPU
		Release|x64 = Release|x64
		Release|x86 = Release|x86
	EndGlobalSection
	GlobalSection(ProjectConfigurationPlatforms) = postSolution
		{BD7554A2-AC41-4150-9D40-C4FCB2D55CC9}.Debug|Any CPU.ActiveCfg = Debug|Any CPU
		{BD7554A2-AC41-4150-9D40-C4FCB2D55CC9}.Debug|Any CPU.Build.0 = Debug|Any CPU
		{BD7554A2-AC41-4150-9D40-C4FCB2D55CC9}.Debug|x64.ActiveCfg = Debug|Any CPU
		{BD7554A2-AC41-4150-9D40-C4FCB2D55CC9}.Debug|x64.Build.0 = Debug|Any CPU
		{BD7554A2-AC41-4150-9D40-C4FCB2D55CC9}.Debug|x86.ActiveCfg = Debug|Any CPU
		{BD7554A2-AC41-4150-9D40-C4FCB2D55CC9}.Debug|x86.Build.0 = Debug|Any CPU
		{BD7554A2-AC41-4150-9D40-C4FCB2D55CC9}.Release|Any CPU.ActiveCfg = Release|Any CPU
		{BD7554A2-AC41-4150-9D40-C4FCB2D55CC9}.Release|Any CPU.Build.0 = Release|Any CPU
		{BD7554A2-AC41-4150-9D40-C4FCB2D55CC9}.Release|x64.ActiveCfg = Release|Any CPU
		{BD7554A2-AC41-4150-9D40-C4FCB2D55CC9}.Release|x64.Build.0 = Release|Any CPU
		{BD7554A2-AC41-4150-9D40-C4FCB2D55CC9}.Release|x86.ActiveCfg = Release|Any CPU
		{BD7554A2-AC41-4150-9D40-C4FCB2D55CC9}.Release|x86.Build.0 = Release|Any CPU
		{E6F7G8H9-I0J1-2345-KLMN-OP6789012345}.Debug|Any CPU.ActiveCfg = Debug|Any CPU
		{E6F7G8H9-I0J1-2345-KLMN-OP6789012345}.Debug|Any CPU.Build.0 = Debug|Any CPU
		{E6F7G8H9-I0J1-2345-KLMN-OP6789012345}.Debug|x64.ActiveCfg = Debug|Any CPU
		{E6F7G8H9-I0J1-2345-KLMN-OP6789012345}.Debug|x64.Build.0 = Debug|Any CPU
		{E6F7G8H9-I0J1-2345-KLMN-OP6789012345}.Debug|x86.ActiveCfg = Debug|Any CPU
		{E6F7G8H9-I0J1-2345-KLMN-OP6789012345}.Debug|x86.Build.0 = Debug|Any CPU
		{E6F7G8H9-I0J1-2345-KLMN-OP6789012345}.Release|Any CPU.ActiveCfg = Release|Any CPU
		{E6F7G8H9-I0J1-2345-KLMN-OP6789012345}.Release|Any CPU.Build.0 = Release|Any CPU
		{E6F7G8H9-I0J1-2345-KLMN-OP6789012345}.Release|x64.ActiveCfg = Release|Any CPU
		{E6F7G8H9-I0J1-2345-KLMN-OP6789012345}.Release|x64.Build.0 = Release|Any CPU
		{E6F7G8H9-I0J1-2345-KLMN-OP6789012345}.Release|x86.ActiveCfg = Release|Any CPU
		{E6F7G8H9-I0J1-2345-KLMN-OP6789012345}.Release|x86.Build.0 = Release|Any CPU
	EndGlobalSection
	GlobalSection(SolutionProperties) = preSolution
		HideSolutionNode = FALSE
	EndGlobalSection
	GlobalSection(NestedProjects) = preSolution
		{BD7554A2-AC41-4150-9D40-C4FCB2D55CC9} = {DC546AD7-78AA-EA7F-9128-60EBB0D14D9E}
		{E6F7G8H9-I0J1-2345-KLMN-OP6789012345} = {A1B2C3D4-E5F6-7890-ABCD-EF1234567890}
	EndGlobalSection
EndGlobal
